
Microsoft Visual Studio Solution File, Format Version 12.00
# Visual Studio 15
VisualStudioVersion = 15.0.26124.0
MinimumVisualStudioVersion = 15.0.26124.0
Project("{FAE04EC0-301F-11D3-BF4B-00C04F79EFBC}") = "Penguin.Web.JsonClient.Local", "Penguin.Web.JsonClient.Local.csproj", "{62792F49-4440-47D1-8F41-BB5CB3FC9E1E}"
EndProject
Project("{FAE04EC0-301F-11D3-BF4B-00C04F79EFBC}") = "Penguin.Web.WebClientEx.Local", "..\Penguin.Web.WebClientEx\Penguin.Web.WebClientEx.Local.csproj", "{E7D43FC3-5826-4191-A582-88630F1B7515}"
EndProject
Project("{FAE04EC0-301F-11D3-BF4B-00C04F79EFBC}") = "Penguin.Extensions.String.Local", "..\Penguin.Extensions.String\Penguin.Extensions.String.Local.csproj", "{37614A85-D18C-4B1F-9F5B-65C7E230B0EB}"
EndProject
Project("{FAE04EC0-301F-11D3-BF4B-00C04F79EFBC}") = "Penguin.Web.Http.Local", "..\Penguin.Web.Http\Penguin.Web.Http.Local.csproj", "{A2278C38-319E-48FD-AE70-75BBF2AC80D3}"
EndProject
Project("{FAE04EC0-301F-11D3-BF4B-00C04F79EFBC}") = "Penguin.Reflection.Extensions.Local", "..\Penguin.Reflection.Extensions\Penguin.Reflection.Extensions.Local.csproj", "{46B5D731-D222-4DF8-BEA6-0170A5E53A99}"
EndProject
Project("{FAE04EC0-301F-11D3-BF4B-00C04F79EFBC}") = "Penguin.Reflection.Abstractions.Local", "..\Penguin.Reflection.Abstractions\Penguin.Reflection.Abstractions.Local.csproj", "{23F213A1-42EA-4639-82A8-ECD4D69B5F74}"
EndProject
Project("{FAE04EC0-301F-11D3-BF4B-00C04F79EFBC}") = "Penguin.Json.Local", "..\Penguin.Json\Penguin.Json.Local.csproj", "{F07FA8EF-FE6B-4070-8CA2-78AB433D5A21}"
EndProject
Project("{FAE04EC0-301F-11D3-BF4B-00C04F79EFBC}") = "Penguin.Json.Abstractions.Local", "..\Penguin.Json.Abstractions\Penguin.Json.Abstractions.Local.csproj", "{E1031FCE-B882-40FF-9873-A271DE4106CA}"
EndProject
Project("{FAE04EC0-301F-11D3-BF4B-00C04F79EFBC}") = "Penguin.SystemExtensions.Abstractions.Local", "..\Penguin.SystemExtensions.Abstractions\Penguin.SystemExtensions.Abstractions.Local.csproj", "{242C3712-25A0-4D2C-B72C-0D17E5F50328}"
EndProject
Project("{FAE04EC0-301F-11D3-BF4B-00C04F79EFBC}") = "Penguin.Reflection.Local", "..\Penguin.Reflection\Penguin.Reflection.Local.csproj", "{35CAB57E-6737-47CE-A49D-E6C9A1FF1D89}"
EndProject
Project("{FAE04EC0-301F-11D3-BF4B-00C04F79EFBC}") = "Penguin.Debugging.Local", "..\Penguin.Debugging\Penguin.Debugging.Local.csproj", "{F072B8C1-D923-42DF-B20F-A72DA6A2C10F}"
EndProject
Project("{FAE04EC0-301F-11D3-BF4B-00C04F79EFBC}") = "Penguin.Extensions.Exceptions.Local", "..\Penguin.Extensions.Exceptions\Penguin.Extensions.Exceptions.Local.csproj", "{BA8B898F-E486-4F71-B30F-023A263267F9}"
EndProject
Global
	GlobalSection(SolutionConfigurationPlatforms) = preSolution
		Debug|Any CPU = Debug|Any CPU
		Debug|x64 = Debug|x64
		Debug|x86 = Debug|x86
		Release|Any CPU = Release|Any CPU
		Release|x64 = Release|x64
		Release|x86 = Release|x86
	EndGlobalSection
	GlobalSection(SolutionProperties) = preSolution
		HideSolutionNode = FALSE
	EndGlobalSection
	GlobalSection(ProjectConfigurationPlatforms) = postSolution
		{62792F49-4440-47D1-8F41-BB5CB3FC9E1E}.Debug|Any CPU.ActiveCfg = Debug|Any CPU
		{62792F49-4440-47D1-8F41-BB5CB3FC9E1E}.Debug|Any CPU.Build.0 = Debug|Any CPU
		{62792F49-4440-47D1-8F41-BB5CB3FC9E1E}.Debug|x64.ActiveCfg = Debug|Any CPU
		{62792F49-4440-47D1-8F41-BB5CB3FC9E1E}.Debug|x64.Build.0 = Debug|Any CPU
		{62792F49-4440-47D1-8F41-BB5CB3FC9E1E}.Debug|x86.ActiveCfg = Debug|Any CPU
		{62792F49-4440-47D1-8F41-BB5CB3FC9E1E}.Debug|x86.Build.0 = Debug|Any CPU
		{62792F49-4440-47D1-8F41-BB5CB3FC9E1E}.Release|Any CPU.ActiveCfg = Release|Any CPU
		{62792F49-4440-47D1-8F41-BB5CB3FC9E1E}.Release|Any CPU.Build.0 = Release|Any CPU
		{62792F49-4440-47D1-8F41-BB5CB3FC9E1E}.Release|x64.ActiveCfg = Release|Any CPU
		{62792F49-4440-47D1-8F41-BB5CB3FC9E1E}.Release|x64.Build.0 = Release|Any CPU
		{62792F49-4440-47D1-8F41-BB5CB3FC9E1E}.Release|x86.ActiveCfg = Release|Any CPU
		{62792F49-4440-47D1-8F41-BB5CB3FC9E1E}.Release|x86.Build.0 = Release|Any CPU
		{E7D43FC3-5826-4191-A582-88630F1B7515}.Debug|Any CPU.ActiveCfg = Debug|Any CPU
		{E7D43FC3-5826-4191-A582-88630F1B7515}.Debug|Any CPU.Build.0 = Debug|Any CPU
		{E7D43FC3-5826-4191-A582-88630F1B7515}.Debug|x64.ActiveCfg = Debug|Any CPU
		{E7D43FC3-5826-4191-A582-88630F1B7515}.Debug|x64.Build.0 = Debug|Any CPU
		{E7D43FC3-5826-4191-A582-88630F1B7515}.Debug|x86.ActiveCfg = Debug|Any CPU
		{E7D43FC3-5826-4191-A582-88630F1B7515}.Debug|x86.Build.0 = Debug|Any CPU
		{E7D43FC3-5826-4191-A582-88630F1B7515}.Release|Any CPU.ActiveCfg = Release|Any CPU
		{E7D43FC3-5826-4191-A582-88630F1B7515}.Release|Any CPU.Build.0 = Release|Any CPU
		{E7D43FC3-5826-4191-A582-88630F1B7515}.Release|x64.ActiveCfg = Release|Any CPU
		{E7D43FC3-5826-4191-A582-88630F1B7515}.Release|x64.Build.0 = Release|Any CPU
		{E7D43FC3-5826-4191-A582-88630F1B7515}.Release|x86.ActiveCfg = Release|Any CPU
		{E7D43FC3-5826-4191-A582-88630F1B7515}.Release|x86.Build.0 = Release|Any CPU
		{37614A85-D18C-4B1F-9F5B-65C7E230B0EB}.Debug|Any CPU.ActiveCfg = Debug|Any CPU
		{37614A85-D18C-4B1F-9F5B-65C7E230B0EB}.Debug|Any CPU.Build.0 = Debug|Any CPU
		{37614A85-D18C-4B1F-9F5B-65C7E230B0EB}.Debug|x64.ActiveCfg = Debug|Any CPU
		{37614A85-D18C-4B1F-9F5B-65C7E230B0EB}.Debug|x64.Build.0 = Debug|Any CPU
		{37614A85-D18C-4B1F-9F5B-65C7E230B0EB}.Debug|x86.ActiveCfg = Debug|Any CPU
		{37614A85-D18C-4B1F-9F5B-65C7E230B0EB}.Debug|x86.Build.0 = Debug|Any CPU
		{37614A85-D18C-4B1F-9F5B-65C7E230B0EB}.Release|Any CPU.ActiveCfg = Release|Any CPU
		{37614A85-D18C-4B1F-9F5B-65C7E230B0EB}.Release|Any CPU.Build.0 = Release|Any CPU
		{37614A85-D18C-4B1F-9F5B-65C7E230B0EB}.Release|x64.ActiveCfg = Release|Any CPU
		{37614A85-D18C-4B1F-9F5B-65C7E230B0EB}.Release|x64.Build.0 = Release|Any CPU
		{37614A85-D18C-4B1F-9F5B-65C7E230B0EB}.Release|x86.ActiveCfg = Release|Any CPU
		{37614A85-D18C-4B1F-9F5B-65C7E230B0EB}.Release|x86.Build.0 = Release|Any CPU
		{A2278C38-319E-48FD-AE70-75BBF2AC80D3}.Debug|Any CPU.ActiveCfg = Debug|Any CPU
		{A2278C38-319E-48FD-AE70-75BBF2AC80D3}.Debug|Any CPU.Build.0 = Debug|Any CPU
		{A2278C38-319E-48FD-AE70-75BBF2AC80D3}.Debug|x64.ActiveCfg = Debug|Any CPU
		{A2278C38-319E-48FD-AE70-75BBF2AC80D3}.Debug|x64.Build.0 = Debug|Any CPU
		{A2278C38-319E-48FD-AE70-75BBF2AC80D3}.Debug|x86.ActiveCfg = Debug|Any CPU
		{A2278C38-319E-48FD-AE70-75BBF2AC80D3}.Debug|x86.Build.0 = Debug|Any CPU
		{A2278C38-319E-48FD-AE70-75BBF2AC80D3}.Release|Any CPU.ActiveCfg = Release|Any CPU
		{A2278C38-319E-48FD-AE70-75BBF2AC80D3}.Release|Any CPU.Build.0 = Release|Any CPU
		{A2278C38-319E-48FD-AE70-75BBF2AC80D3}.Release|x64.ActiveCfg = Release|Any CPU
		{A2278C38-319E-48FD-AE70-75BBF2AC80D3}.Release|x64.Build.0 = Release|Any CPU
		{A2278C38-319E-48FD-AE70-75BBF2AC80D3}.Release|x86.ActiveCfg = Release|Any CPU
		{A2278C38-319E-48FD-AE70-75BBF2AC80D3}.Release|x86.Build.0 = Release|Any CPU
		{46B5D731-D222-4DF8-BEA6-0170A5E53A99}.Debug|Any CPU.ActiveCfg = Debug|Any CPU
		{46B5D731-D222-4DF8-BEA6-0170A5E53A99}.Debug|Any CPU.Build.0 = Debug|Any CPU
		{46B5D731-D222-4DF8-BEA6-0170A5E53A99}.Debug|x64.ActiveCfg = Debug|Any CPU
		{46B5D731-D222-4DF8-BEA6-0170A5E53A99}.Debug|x64.Build.0 = Debug|Any CPU
		{46B5D731-D222-4DF8-BEA6-0170A5E53A99}.Debug|x86.ActiveCfg = Debug|Any CPU
		{46B5D731-D222-4DF8-BEA6-0170A5E53A99}.Debug|x86.Build.0 = Debug|Any CPU
		{46B5D731-D222-4DF8-BEA6-0170A5E53A99}.Release|Any CPU.ActiveCfg = Release|Any CPU
		{46B5D731-D222-4DF8-BEA6-0170A5E53A99}.Release|Any CPU.Build.0 = Release|Any CPU
		{46B5D731-D222-4DF8-BEA6-0170A5E53A99}.Release|x64.ActiveCfg = Release|Any CPU
		{46B5D731-D222-4DF8-BEA6-0170A5E53A99}.Release|x64.Build.0 = Release|Any CPU
		{46B5D731-D222-4DF8-BEA6-0170A5E53A99}.Release|x86.ActiveCfg = Release|Any CPU
		{46B5D731-D222-4DF8-BEA6-0170A5E53A99}.Release|x86.Build.0 = Release|Any CPU
		{23F213A1-42EA-4639-82A8-ECD4D69B5F74}.Debug|Any CPU.ActiveCfg = Debug|Any CPU
		{23F213A1-42EA-4639-82A8-ECD4D69B5F74}.Debug|Any CPU.Build.0 = Debug|Any CPU
		{23F213A1-42EA-4639-82A8-ECD4D69B5F74}.Debug|x64.ActiveCfg = Debug|Any CPU
		{23F213A1-42EA-4639-82A8-ECD4D69B5F74}.Debug|x64.Build.0 = Debug|Any CPU
		{23F213A1-42EA-4639-82A8-ECD4D69B5F74}.Debug|x86.ActiveCfg = Debug|Any CPU
		{23F213A1-42EA-4639-82A8-ECD4D69B5F74}.Debug|x86.Build.0 = Debug|Any CPU
		{23F213A1-42EA-4639-82A8-ECD4D69B5F74}.Release|Any CPU.ActiveCfg = Release|Any CPU
		{23F213A1-42EA-4639-82A8-ECD4D69B5F74}.Release|Any CPU.Build.0 = Release|Any CPU
		{23F213A1-42EA-4639-82A8-ECD4D69B5F74}.Release|x64.ActiveCfg = Release|Any CPU
		{23F213A1-42EA-4639-82A8-ECD4D69B5F74}.Release|x64.Build.0 = Release|Any CPU
		{23F213A1-42EA-4639-82A8-ECD4D69B5F74}.Release|x86.ActiveCfg = Release|Any CPU
		{23F213A1-42EA-4639-82A8-ECD4D69B5F74}.Release|x86.Build.0 = Release|Any CPU
		{F07FA8EF-FE6B-4070-8CA2-78AB433D5A21}.Debug|Any CPU.ActiveCfg = Debug|Any CPU
		{F07FA8EF-FE6B-4070-8CA2-78AB433D5A21}.Debug|Any CPU.Build.0 = Debug|Any CPU
		{F07FA8EF-FE6B-4070-8CA2-78AB433D5A21}.Debug|x64.ActiveCfg = Debug|Any CPU
		{F07FA8EF-FE6B-4070-8CA2-78AB433D5A21}.Debug|x64.Build.0 = Debug|Any CPU
		{F07FA8EF-FE6B-4070-8CA2-78AB433D5A21}.Debug|x86.ActiveCfg = Debug|Any CPU
		{F07FA8EF-FE6B-4070-8CA2-78AB433D5A21}.Debug|x86.Build.0 = Debug|Any CPU
		{F07FA8EF-FE6B-4070-8CA2-78AB433D5A21}.Release|Any CPU.ActiveCfg = Release|Any CPU
		{F07FA8EF-FE6B-4070-8CA2-78AB433D5A21}.Release|Any CPU.Build.0 = Release|Any CPU
		{F07FA8EF-FE6B-4070-8CA2-78AB433D5A21}.Release|x64.ActiveCfg = Release|Any CPU
		{F07FA8EF-FE6B-4070-8CA2-78AB433D5A21}.Release|x64.Build.0 = Release|Any CPU
		{F07FA8EF-FE6B-4070-8CA2-78AB433D5A21}.Release|x86.ActiveCfg = Release|Any CPU
		{F07FA8EF-FE6B-4070-8CA2-78AB433D5A21}.Release|x86.Build.0 = Release|Any CPU
		{E1031FCE-B882-40FF-9873-A271DE4106CA}.Debug|Any CPU.ActiveCfg = Debug|Any CPU
		{E1031FCE-B882-40FF-9873-A271DE4106CA}.Debug|Any CPU.Build.0 = Debug|Any CPU
		{E1031FCE-B882-40FF-9873-A271DE4106CA}.Debug|x64.ActiveCfg = Debug|Any CPU
		{E1031FCE-B882-40FF-9873-A271DE4106CA}.Debug|x64.Build.0 = Debug|Any CPU
		{E1031FCE-B882-40FF-9873-A271DE4106CA}.Debug|x86.ActiveCfg = Debug|Any CPU
		{E1031FCE-B882-40FF-9873-A271DE4106CA}.Debug|x86.Build.0 = Debug|Any CPU
		{E1031FCE-B882-40FF-9873-A271DE4106CA}.Release|Any CPU.ActiveCfg = Release|Any CPU
		{E1031FCE-B882-40FF-9873-A271DE4106CA}.Release|Any CPU.Build.0 = Release|Any CPU
		{E1031FCE-B882-40FF-9873-A271DE4106CA}.Release|x64.ActiveCfg = Release|Any CPU
		{E1031FCE-B882-40FF-9873-A271DE4106CA}.Release|x64.Build.0 = Release|Any CPU
		{E1031FCE-B882-40FF-9873-A271DE4106CA}.Release|x86.ActiveCfg = Release|Any CPU
		{E1031FCE-B882-40FF-9873-A271DE4106CA}.Release|x86.Build.0 = Release|Any CPU
		{242C3712-25A0-4D2C-B72C-0D17E5F50328}.Debug|Any CPU.ActiveCfg = Debug|Any CPU
		{242C3712-25A0-4D2C-B72C-0D17E5F50328}.Debug|Any CPU.Build.0 = Debug|Any CPU
		{242C3712-25A0-4D2C-B72C-0D17E5F50328}.Debug|x64.ActiveCfg = Debug|Any CPU
		{242C3712-25A0-4D2C-B72C-0D17E5F50328}.Debug|x64.Build.0 = Debug|Any CPU
		{242C3712-25A0-4D2C-B72C-0D17E5F50328}.Debug|x86.ActiveCfg = Debug|Any CPU
		{242C3712-25A0-4D2C-B72C-0D17E5F50328}.Debug|x86.Build.0 = Debug|Any CPU
		{242C3712-25A0-4D2C-B72C-0D17E5F50328}.Release|Any CPU.ActiveCfg = Release|Any CPU
		{242C3712-25A0-4D2C-B72C-0D17E5F50328}.Release|Any CPU.Build.0 = Release|Any CPU
		{242C3712-25A0-4D2C-B72C-0D17E5F50328}.Release|x64.ActiveCfg = Release|Any CPU
		{242C3712-25A0-4D2C-B72C-0D17E5F50328}.Release|x64.Build.0 = Release|Any CPU
		{242C3712-25A0-4D2C-B72C-0D17E5F50328}.Release|x86.ActiveCfg = Release|Any CPU
		{242C3712-25A0-4D2C-B72C-0D17E5F50328}.Release|x86.Build.0 = Release|Any CPU
		{35CAB57E-6737-47CE-A49D-E6C9A1FF1D89}.Debug|Any CPU.ActiveCfg = Debug|Any CPU
		{35CAB57E-6737-47CE-A49D-E6C9A1FF1D89}.Debug|Any CPU.Build.0 = Debug|Any CPU
		{35CAB57E-6737-47CE-A49D-E6C9A1FF1D89}.Debug|x64.ActiveCfg = Debug|Any CPU
		{35CAB57E-6737-47CE-A49D-E6C9A1FF1D89}.Debug|x64.Build.0 = Debug|Any CPU
		{35CAB57E-6737-47CE-A49D-E6C9A1FF1D89}.Debug|x86.ActiveCfg = Debug|Any CPU
		{35CAB57E-6737-47CE-A49D-E6C9A1FF1D89}.Debug|x86.Build.0 = Debug|Any CPU
		{35CAB57E-6737-47CE-A49D-E6C9A1FF1D89}.Release|Any CPU.ActiveCfg = Release|Any CPU
		{35CAB57E-6737-47CE-A49D-E6C9A1FF1D89}.Release|Any CPU.Build.0 = Release|Any CPU
		{35CAB57E-6737-47CE-A49D-E6C9A1FF1D89}.Release|x64.ActiveCfg = Release|Any CPU
		{35CAB57E-6737-47CE-A49D-E6C9A1FF1D89}.Release|x64.Build.0 = Release|Any CPU
		{35CAB57E-6737-47CE-A49D-E6C9A1FF1D89}.Release|x86.ActiveCfg = Release|Any CPU
		{35CAB57E-6737-47CE-A49D-E6C9A1FF1D89}.Release|x86.Build.0 = Release|Any CPU
		{F072B8C1-D923-42DF-B20F-A72DA6A2C10F}.Debug|Any CPU.ActiveCfg = Debug|Any CPU
		{F072B8C1-D923-42DF-B20F-A72DA6A2C10F}.Debug|Any CPU.Build.0 = Debug|Any CPU
		{F072B8C1-D923-42DF-B20F-A72DA6A2C10F}.Debug|x64.ActiveCfg = Debug|Any CPU
		{F072B8C1-D923-42DF-B20F-A72DA6A2C10F}.Debug|x64.Build.0 = Debug|Any CPU
		{F072B8C1-D923-42DF-B20F-A72DA6A2C10F}.Debug|x86.ActiveCfg = Debug|Any CPU
		{F072B8C1-D923-42DF-B20F-A72DA6A2C10F}.Debug|x86.Build.0 = Debug|Any CPU
		{F072B8C1-D923-42DF-B20F-A72DA6A2C10F}.Release|Any CPU.ActiveCfg = Release|Any CPU
		{F072B8C1-D923-42DF-B20F-A72DA6A2C10F}.Release|Any CPU.Build.0 = Release|Any CPU
		{F072B8C1-D923-42DF-B20F-A72DA6A2C10F}.Release|x64.ActiveCfg = Release|Any CPU
		{F072B8C1-D923-42DF-B20F-A72DA6A2C10F}.Release|x64.Build.0 = Release|Any CPU
		{F072B8C1-D923-42DF-B20F-A72DA6A2C10F}.Release|x86.ActiveCfg = Release|Any CPU
		{F072B8C1-D923-42DF-B20F-A72DA6A2C10F}.Release|x86.Build.0 = Release|Any CPU
		{BA8B898F-E486-4F71-B30F-023A263267F9}.Debug|Any CPU.ActiveCfg = Debug|Any CPU
		{BA8B898F-E486-4F71-B30F-023A263267F9}.Debug|Any CPU.Build.0 = Debug|Any CPU
		{BA8B898F-E486-4F71-B30F-023A263267F9}.Debug|x64.ActiveCfg = Debug|Any CPU
		{BA8B898F-E486-4F71-B30F-023A263267F9}.Debug|x64.Build.0 = Debug|Any CPU
		{BA8B898F-E486-4F71-B30F-023A263267F9}.Debug|x86.ActiveCfg = Debug|Any CPU
		{BA8B898F-E486-4F71-B30F-023A263267F9}.Debug|x86.Build.0 = Debug|Any CPU
		{BA8B898F-E486-4F71-B30F-023A263267F9}.Release|Any CPU.ActiveCfg = Release|Any CPU
		{BA8B898F-E486-4F71-B30F-023A263267F9}.Release|Any CPU.Build.0 = Release|Any CPU
		{BA8B898F-E486-4F71-B30F-023A263267F9}.Release|x64.ActiveCfg = Release|Any CPU
		{BA8B898F-E486-4F71-B30F-023A263267F9}.Release|x64.Build.0 = Release|Any CPU
		{BA8B898F-E486-4F71-B30F-023A263267F9}.Release|x86.ActiveCfg = Release|Any CPU
		{BA8B898F-E486-4F71-B30F-023A263267F9}.Release|x86.Build.0 = Release|Any CPU
	EndGlobalSection
EndGlobal
