
Microsoft Visual Studio Solution File, Format Version 12.00
# Visual Studio 15
VisualStudioVersion = 15.0.26124.0
MinimumVisualStudioVersion = 15.0.26124.0
Project("{FAE04EC0-301F-11D3-BF4B-00C04F79EFBC}") = "Penguin.Web.JsonClient.Local", "Penguin.Web.JsonClient.Local.csproj", "{E5F9B990-B9EF-4665-96B5-1C439636A945}"
EndProject
Project("{FAE04EC0-301F-11D3-BF4B-00C04F79EFBC}") = "Penguin.Json.Local", "..\Penguin.Json\Penguin.Json.Local.csproj", "{C22FB7C6-27FF-47A2-8179-BA760F519037}"
EndProject
Project("{FAE04EC0-301F-11D3-BF4B-00C04F79EFBC}") = "Penguin.Json.Abstractions.Local", "..\Penguin.Json.Abstractions\Penguin.Json.Abstractions.Local.csproj", "{B4F7A422-79BB-4B52-853C-74B593094D42}"
EndProject
Project("{FAE04EC0-301F-11D3-BF4B-00C04F79EFBC}") = "Penguin.Reflection.Local", "..\Penguin.Reflection\Penguin.Reflection.Local.csproj", "{7B1CA0F6-8568-44F4-9F14-91811AE594F6}"
EndProject
Project("{FAE04EC0-301F-11D3-BF4B-00C04F79EFBC}") = "Penguin.Debugging.Local", "..\Penguin.Debugging\Penguin.Debugging.Local.csproj", "{82D33F64-8CA0-4BF3-BD18-5FECC1C917C0}"
EndProject
Project("{FAE04EC0-301F-11D3-BF4B-00C04F79EFBC}") = "Penguin.Extensions.Exceptions.Local", "..\Penguin.Extensions.Exceptions\Penguin.Extensions.Exceptions.Local.csproj", "{1991FD4F-76CD-4C79-9F96-8C964F347621}"
EndProject
Project("{FAE04EC0-301F-11D3-BF4B-00C04F79EFBC}") = "Penguin.Reflection.Abstractions.Local", "..\Penguin.Reflection.Abstractions\Penguin.Reflection.Abstractions.Local.csproj", "{E9393FCF-4782-4DC2-8CAA-92F2E54F6C0E}"
EndProject
Project("{FAE04EC0-301F-11D3-BF4B-00C04F79EFBC}") = "Penguin.Reflection.Extensions.Local", "..\Penguin.Reflection.Extensions\Penguin.Reflection.Extensions.Local.csproj", "{17EA2910-CBBA-45F5-A338-59811C2CF5BB}"
EndProject
Project("{FAE04EC0-301F-11D3-BF4B-00C04F79EFBC}") = "Penguin.Extensions.String.Local", "..\Penguin.Extensions.String\Penguin.Extensions.String.Local.csproj", "{887B05A6-BEEB-454D-A7F7-BB7E38B19ED4}"
EndProject
Project("{FAE04EC0-301F-11D3-BF4B-00C04F79EFBC}") = "Penguin.SystemExtensions.Abstractions.Local", "..\Penguin.SystemExtensions.Abstractions\Penguin.SystemExtensions.Abstractions.Local.csproj", "{4C5849BD-F0C6-4FB7-86C3-70F33F677165}"
EndProject
Project("{FAE04EC0-301F-11D3-BF4B-00C04F79EFBC}") = "Penguin.Web.WebClientEx.Local", "..\Penguin.Web.WebClientEx\Penguin.Web.WebClientEx.Local.csproj", "{D0AC97A3-C39D-4595-AD2E-3760802F6A9A}"
EndProject
Global
	GlobalSection(SolutionConfigurationPlatforms) = preSolution
		Debug|Any CPU = Debug|Any CPU
		Debug|x64 = Debug|x64
		Debug|x86 = Debug|x86
		Release|Any CPU = Release|Any CPU
		Release|x64 = Release|x64
		Release|x86 = Release|x86
	EndGlobalSection
	GlobalSection(SolutionProperties) = preSolution
		HideSolutionNode = FALSE
	EndGlobalSection
	GlobalSection(ProjectConfigurationPlatforms) = postSolution
		{E5F9B990-B9EF-4665-96B5-1C439636A945}.Debug|Any CPU.ActiveCfg = Debug|Any CPU
		{E5F9B990-B9EF-4665-96B5-1C439636A945}.Debug|Any CPU.Build.0 = Debug|Any CPU
		{E5F9B990-B9EF-4665-96B5-1C439636A945}.Debug|x64.ActiveCfg = Debug|Any CPU
		{E5F9B990-B9EF-4665-96B5-1C439636A945}.Debug|x64.Build.0 = Debug|Any CPU
		{E5F9B990-B9EF-4665-96B5-1C439636A945}.Debug|x86.ActiveCfg = Debug|Any CPU
		{E5F9B990-B9EF-4665-96B5-1C439636A945}.Debug|x86.Build.0 = Debug|Any CPU
		{E5F9B990-B9EF-4665-96B5-1C439636A945}.Release|Any CPU.ActiveCfg = Release|Any CPU
		{E5F9B990-B9EF-4665-96B5-1C439636A945}.Release|Any CPU.Build.0 = Release|Any CPU
		{E5F9B990-B9EF-4665-96B5-1C439636A945}.Release|x64.ActiveCfg = Release|Any CPU
		{E5F9B990-B9EF-4665-96B5-1C439636A945}.Release|x64.Build.0 = Release|Any CPU
		{E5F9B990-B9EF-4665-96B5-1C439636A945}.Release|x86.ActiveCfg = Release|Any CPU
		{E5F9B990-B9EF-4665-96B5-1C439636A945}.Release|x86.Build.0 = Release|Any CPU
		{C22FB7C6-27FF-47A2-8179-BA760F519037}.Debug|Any CPU.ActiveCfg = Debug|Any CPU
		{C22FB7C6-27FF-47A2-8179-BA760F519037}.Debug|Any CPU.Build.0 = Debug|Any CPU
		{C22FB7C6-27FF-47A2-8179-BA760F519037}.Debug|x64.ActiveCfg = Debug|Any CPU
		{C22FB7C6-27FF-47A2-8179-BA760F519037}.Debug|x64.Build.0 = Debug|Any CPU
		{C22FB7C6-27FF-47A2-8179-BA760F519037}.Debug|x86.ActiveCfg = Debug|Any CPU
		{C22FB7C6-27FF-47A2-8179-BA760F519037}.Debug|x86.Build.0 = Debug|Any CPU
		{C22FB7C6-27FF-47A2-8179-BA760F519037}.Release|Any CPU.ActiveCfg = Release|Any CPU
		{C22FB7C6-27FF-47A2-8179-BA760F519037}.Release|Any CPU.Build.0 = Release|Any CPU
		{C22FB7C6-27FF-47A2-8179-BA760F519037}.Release|x64.ActiveCfg = Release|Any CPU
		{C22FB7C6-27FF-47A2-8179-BA760F519037}.Release|x64.Build.0 = Release|Any CPU
		{C22FB7C6-27FF-47A2-8179-BA760F519037}.Release|x86.ActiveCfg = Release|Any CPU
		{C22FB7C6-27FF-47A2-8179-BA760F519037}.Release|x86.Build.0 = Release|Any CPU
		{B4F7A422-79BB-4B52-853C-74B593094D42}.Debug|Any CPU.ActiveCfg = Debug|Any CPU
		{B4F7A422-79BB-4B52-853C-74B593094D42}.Debug|Any CPU.Build.0 = Debug|Any CPU
		{B4F7A422-79BB-4B52-853C-74B593094D42}.Debug|x64.ActiveCfg = Debug|Any CPU
		{B4F7A422-79BB-4B52-853C-74B593094D42}.Debug|x64.Build.0 = Debug|Any CPU
		{B4F7A422-79BB-4B52-853C-74B593094D42}.Debug|x86.ActiveCfg = Debug|Any CPU
		{B4F7A422-79BB-4B52-853C-74B593094D42}.Debug|x86.Build.0 = Debug|Any CPU
		{B4F7A422-79BB-4B52-853C-74B593094D42}.Release|Any CPU.ActiveCfg = Release|Any CPU
		{B4F7A422-79BB-4B52-853C-74B593094D42}.Release|Any CPU.Build.0 = Release|Any CPU
		{B4F7A422-79BB-4B52-853C-74B593094D42}.Release|x64.ActiveCfg = Release|Any CPU
		{B4F7A422-79BB-4B52-853C-74B593094D42}.Release|x64.Build.0 = Release|Any CPU
		{B4F7A422-79BB-4B52-853C-74B593094D42}.Release|x86.ActiveCfg = Release|Any CPU
		{B4F7A422-79BB-4B52-853C-74B593094D42}.Release|x86.Build.0 = Release|Any CPU
		{7B1CA0F6-8568-44F4-9F14-91811AE594F6}.Debug|Any CPU.ActiveCfg = Debug|Any CPU
		{7B1CA0F6-8568-44F4-9F14-91811AE594F6}.Debug|Any CPU.Build.0 = Debug|Any CPU
		{7B1CA0F6-8568-44F4-9F14-91811AE594F6}.Debug|x64.ActiveCfg = Debug|Any CPU
		{7B1CA0F6-8568-44F4-9F14-91811AE594F6}.Debug|x64.Build.0 = Debug|Any CPU
		{7B1CA0F6-8568-44F4-9F14-91811AE594F6}.Debug|x86.ActiveCfg = Debug|Any CPU
		{7B1CA0F6-8568-44F4-9F14-91811AE594F6}.Debug|x86.Build.0 = Debug|Any CPU
		{7B1CA0F6-8568-44F4-9F14-91811AE594F6}.Release|Any CPU.ActiveCfg = Release|Any CPU
		{7B1CA0F6-8568-44F4-9F14-91811AE594F6}.Release|Any CPU.Build.0 = Release|Any CPU
		{7B1CA0F6-8568-44F4-9F14-91811AE594F6}.Release|x64.ActiveCfg = Release|Any CPU
		{7B1CA0F6-8568-44F4-9F14-91811AE594F6}.Release|x64.Build.0 = Release|Any CPU
		{7B1CA0F6-8568-44F4-9F14-91811AE594F6}.Release|x86.ActiveCfg = Release|Any CPU
		{7B1CA0F6-8568-44F4-9F14-91811AE594F6}.Release|x86.Build.0 = Release|Any CPU
		{82D33F64-8CA0-4BF3-BD18-5FECC1C917C0}.Debug|Any CPU.ActiveCfg = Debug|Any CPU
		{82D33F64-8CA0-4BF3-BD18-5FECC1C917C0}.Debug|Any CPU.Build.0 = Debug|Any CPU
		{82D33F64-8CA0-4BF3-BD18-5FECC1C917C0}.Debug|x64.ActiveCfg = Debug|Any CPU
		{82D33F64-8CA0-4BF3-BD18-5FECC1C917C0}.Debug|x64.Build.0 = Debug|Any CPU
		{82D33F64-8CA0-4BF3-BD18-5FECC1C917C0}.Debug|x86.ActiveCfg = Debug|Any CPU
		{82D33F64-8CA0-4BF3-BD18-5FECC1C917C0}.Debug|x86.Build.0 = Debug|Any CPU
		{82D33F64-8CA0-4BF3-BD18-5FECC1C917C0}.Release|Any CPU.ActiveCfg = Release|Any CPU
		{82D33F64-8CA0-4BF3-BD18-5FECC1C917C0}.Release|Any CPU.Build.0 = Release|Any CPU
		{82D33F64-8CA0-4BF3-BD18-5FECC1C917C0}.Release|x64.ActiveCfg = Release|Any CPU
		{82D33F64-8CA0-4BF3-BD18-5FECC1C917C0}.Release|x64.Build.0 = Release|Any CPU
		{82D33F64-8CA0-4BF3-BD18-5FECC1C917C0}.Release|x86.ActiveCfg = Release|Any CPU
		{82D33F64-8CA0-4BF3-BD18-5FECC1C917C0}.Release|x86.Build.0 = Release|Any CPU
		{1991FD4F-76CD-4C79-9F96-8C964F347621}.Debug|Any CPU.ActiveCfg = Debug|Any CPU
		{1991FD4F-76CD-4C79-9F96-8C964F347621}.Debug|Any CPU.Build.0 = Debug|Any CPU
		{1991FD4F-76CD-4C79-9F96-8C964F347621}.Debug|x64.ActiveCfg = Debug|Any CPU
		{1991FD4F-76CD-4C79-9F96-8C964F347621}.Debug|x64.Build.0 = Debug|Any CPU
		{1991FD4F-76CD-4C79-9F96-8C964F347621}.Debug|x86.ActiveCfg = Debug|Any CPU
		{1991FD4F-76CD-4C79-9F96-8C964F347621}.Debug|x86.Build.0 = Debug|Any CPU
		{1991FD4F-76CD-4C79-9F96-8C964F347621}.Release|Any CPU.ActiveCfg = Release|Any CPU
		{1991FD4F-76CD-4C79-9F96-8C964F347621}.Release|Any CPU.Build.0 = Release|Any CPU
		{1991FD4F-76CD-4C79-9F96-8C964F347621}.Release|x64.ActiveCfg = Release|Any CPU
		{1991FD4F-76CD-4C79-9F96-8C964F347621}.Release|x64.Build.0 = Release|Any CPU
		{1991FD4F-76CD-4C79-9F96-8C964F347621}.Release|x86.ActiveCfg = Release|Any CPU
		{1991FD4F-76CD-4C79-9F96-8C964F347621}.Release|x86.Build.0 = Release|Any CPU
		{E9393FCF-4782-4DC2-8CAA-92F2E54F6C0E}.Debug|Any CPU.ActiveCfg = Debug|Any CPU
		{E9393FCF-4782-4DC2-8CAA-92F2E54F6C0E}.Debug|Any CPU.Build.0 = Debug|Any CPU
		{E9393FCF-4782-4DC2-8CAA-92F2E54F6C0E}.Debug|x64.ActiveCfg = Debug|Any CPU
		{E9393FCF-4782-4DC2-8CAA-92F2E54F6C0E}.Debug|x64.Build.0 = Debug|Any CPU
		{E9393FCF-4782-4DC2-8CAA-92F2E54F6C0E}.Debug|x86.ActiveCfg = Debug|Any CPU
		{E9393FCF-4782-4DC2-8CAA-92F2E54F6C0E}.Debug|x86.Build.0 = Debug|Any CPU
		{E9393FCF-4782-4DC2-8CAA-92F2E54F6C0E}.Release|Any CPU.ActiveCfg = Release|Any CPU
		{E9393FCF-4782-4DC2-8CAA-92F2E54F6C0E}.Release|Any CPU.Build.0 = Release|Any CPU
		{E9393FCF-4782-4DC2-8CAA-92F2E54F6C0E}.Release|x64.ActiveCfg = Release|Any CPU
		{E9393FCF-4782-4DC2-8CAA-92F2E54F6C0E}.Release|x64.Build.0 = Release|Any CPU
		{E9393FCF-4782-4DC2-8CAA-92F2E54F6C0E}.Release|x86.ActiveCfg = Release|Any CPU
		{E9393FCF-4782-4DC2-8CAA-92F2E54F6C0E}.Release|x86.Build.0 = Release|Any CPU
		{17EA2910-CBBA-45F5-A338-59811C2CF5BB}.Debug|Any CPU.ActiveCfg = Debug|Any CPU
		{17EA2910-CBBA-45F5-A338-59811C2CF5BB}.Debug|Any CPU.Build.0 = Debug|Any CPU
		{17EA2910-CBBA-45F5-A338-59811C2CF5BB}.Debug|x64.ActiveCfg = Debug|Any CPU
		{17EA2910-CBBA-45F5-A338-59811C2CF5BB}.Debug|x64.Build.0 = Debug|Any CPU
		{17EA2910-CBBA-45F5-A338-59811C2CF5BB}.Debug|x86.ActiveCfg = Debug|Any CPU
		{17EA2910-CBBA-45F5-A338-59811C2CF5BB}.Debug|x86.Build.0 = Debug|Any CPU
		{17EA2910-CBBA-45F5-A338-59811C2CF5BB}.Release|Any CPU.ActiveCfg = Release|Any CPU
		{17EA2910-CBBA-45F5-A338-59811C2CF5BB}.Release|Any CPU.Build.0 = Release|Any CPU
		{17EA2910-CBBA-45F5-A338-59811C2CF5BB}.Release|x64.ActiveCfg = Release|Any CPU
		{17EA2910-CBBA-45F5-A338-59811C2CF5BB}.Release|x64.Build.0 = Release|Any CPU
		{17EA2910-CBBA-45F5-A338-59811C2CF5BB}.Release|x86.ActiveCfg = Release|Any CPU
		{17EA2910-CBBA-45F5-A338-59811C2CF5BB}.Release|x86.Build.0 = Release|Any CPU
		{887B05A6-BEEB-454D-A7F7-BB7E38B19ED4}.Debug|Any CPU.ActiveCfg = Debug|Any CPU
		{887B05A6-BEEB-454D-A7F7-BB7E38B19ED4}.Debug|Any CPU.Build.0 = Debug|Any CPU
		{887B05A6-BEEB-454D-A7F7-BB7E38B19ED4}.Debug|x64.ActiveCfg = Debug|Any CPU
		{887B05A6-BEEB-454D-A7F7-BB7E38B19ED4}.Debug|x64.Build.0 = Debug|Any CPU
		{887B05A6-BEEB-454D-A7F7-BB7E38B19ED4}.Debug|x86.ActiveCfg = Debug|Any CPU
		{887B05A6-BEEB-454D-A7F7-BB7E38B19ED4}.Debug|x86.Build.0 = Debug|Any CPU
		{887B05A6-BEEB-454D-A7F7-BB7E38B19ED4}.Release|Any CPU.ActiveCfg = Release|Any CPU
		{887B05A6-BEEB-454D-A7F7-BB7E38B19ED4}.Release|Any CPU.Build.0 = Release|Any CPU
		{887B05A6-BEEB-454D-A7F7-BB7E38B19ED4}.Release|x64.ActiveCfg = Release|Any CPU
		{887B05A6-BEEB-454D-A7F7-BB7E38B19ED4}.Release|x64.Build.0 = Release|Any CPU
		{887B05A6-BEEB-454D-A7F7-BB7E38B19ED4}.Release|x86.ActiveCfg = Release|Any CPU
		{887B05A6-BEEB-454D-A7F7-BB7E38B19ED4}.Release|x86.Build.0 = Release|Any CPU
		{4C5849BD-F0C6-4FB7-86C3-70F33F677165}.Debug|Any CPU.ActiveCfg = Debug|Any CPU
		{4C5849BD-F0C6-4FB7-86C3-70F33F677165}.Debug|Any CPU.Build.0 = Debug|Any CPU
		{4C5849BD-F0C6-4FB7-86C3-70F33F677165}.Debug|x64.ActiveCfg = Debug|Any CPU
		{4C5849BD-F0C6-4FB7-86C3-70F33F677165}.Debug|x64.Build.0 = Debug|Any CPU
		{4C5849BD-F0C6-4FB7-86C3-70F33F677165}.Debug|x86.ActiveCfg = Debug|Any CPU
		{4C5849BD-F0C6-4FB7-86C3-70F33F677165}.Debug|x86.Build.0 = Debug|Any CPU
		{4C5849BD-F0C6-4FB7-86C3-70F33F677165}.Release|Any CPU.ActiveCfg = Release|Any CPU
		{4C5849BD-F0C6-4FB7-86C3-70F33F677165}.Release|Any CPU.Build.0 = Release|Any CPU
		{4C5849BD-F0C6-4FB7-86C3-70F33F677165}.Release|x64.ActiveCfg = Release|Any CPU
		{4C5849BD-F0C6-4FB7-86C3-70F33F677165}.Release|x64.Build.0 = Release|Any CPU
		{4C5849BD-F0C6-4FB7-86C3-70F33F677165}.Release|x86.ActiveCfg = Release|Any CPU
		{4C5849BD-F0C6-4FB7-86C3-70F33F677165}.Release|x86.Build.0 = Release|Any CPU
		{D0AC97A3-C39D-4595-AD2E-3760802F6A9A}.Debug|Any CPU.ActiveCfg = Debug|Any CPU
		{D0AC97A3-C39D-4595-AD2E-3760802F6A9A}.Debug|Any CPU.Build.0 = Debug|Any CPU
		{D0AC97A3-C39D-4595-AD2E-3760802F6A9A}.Debug|x64.ActiveCfg = Debug|Any CPU
		{D0AC97A3-C39D-4595-AD2E-3760802F6A9A}.Debug|x64.Build.0 = Debug|Any CPU
		{D0AC97A3-C39D-4595-AD2E-3760802F6A9A}.Debug|x86.ActiveCfg = Debug|Any CPU
		{D0AC97A3-C39D-4595-AD2E-3760802F6A9A}.Debug|x86.Build.0 = Debug|Any CPU
		{D0AC97A3-C39D-4595-AD2E-3760802F6A9A}.Release|Any CPU.ActiveCfg = Release|Any CPU
		{D0AC97A3-C39D-4595-AD2E-3760802F6A9A}.Release|Any CPU.Build.0 = Release|Any CPU
		{D0AC97A3-C39D-4595-AD2E-3760802F6A9A}.Release|x64.ActiveCfg = Release|Any CPU
		{D0AC97A3-C39D-4595-AD2E-3760802F6A9A}.Release|x64.Build.0 = Release|Any CPU
		{D0AC97A3-C39D-4595-AD2E-3760802F6A9A}.Release|x86.ActiveCfg = Release|Any CPU
		{D0AC97A3-C39D-4595-AD2E-3760802F6A9A}.Release|x86.Build.0 = Release|Any CPU
	EndGlobalSection
EndGlobal
